// !$*UTF8*$!
{
	archiveVersion = 1;
	classes = {
	};
	objectVersion = 46;
	objects = {

/* Begin PBXBuildFile section */
		5B428BC31A95D66500C7283B /* main.m in Sources */ = {isa = PBXBuildFile; fileRef = 5B428BC21A95D66500C7283B /* main.m */; };
		5B428BC61A95D66500C7283B /* AppDelegate.m in Sources */ = {isa = PBXBuildFile; fileRef = 5B428BC51A95D66500C7283B /* AppDelegate.m */; };
		5B428BC91A95D66500C7283B /* ViewController.m in Sources */ = {isa = PBXBuildFile; fileRef = 5B428BC81A95D66500C7283B /* ViewController.m */; };
		5B428BCC1A95D66500C7283B /* Main.storyboard in Resources */ = {isa = PBXBuildFile; fileRef = 5B428BCA1A95D66500C7283B /* Main.storyboard */; };
		5B428BCE1A95D66500C7283B /* Images.xcassets in Resources */ = {isa = PBXBuildFile; fileRef = 5B428BCD1A95D66500C7283B /* Images.xcassets */; };
		5B428BD11A95D66500C7283B /* LaunchScreen.xib in Resources */ = {isa = PBXBuildFile; fileRef = 5B428BCF1A95D66500C7283B /* LaunchScreen.xib */; };
		5B428BDD1A95D66500C7283B /* DemoTests.m in Sources */ = {isa = PBXBuildFile; fileRef = 5B428BDC1A95D66500C7283B /* DemoTests.m */; };
		5B428BE61A95D73900C7283B /* UIView+CATLayout.m in Sources */ = {isa = PBXBuildFile; fileRef = 5B428BE51A95D73900C7283B /* UIView+CATLayout.m */; };
/* End PBXBuildFile section */

/* Begin PBXContainerItemProxy section */
		5B428BD71A95D66500C7283B /* PBXContainerItemProxy */ = {
			isa = PBXContainerItemProxy;
			containerPortal = 5B7E02611A5EA46E00D25B49 /* Project object */;
			proxyType = 1;
			remoteGlobalIDString = 5B428BBD1A95D66500C7283B;
			remoteInfo = Demo;
		};
/* End PBXContainerItemProxy section */

/* Begin PBXFileReference section */
		5B428BBE1A95D66500C7283B /* Demo.app */ = {isa = PBXFileReference; explicitFileType = wrapper.application; includeInIndex = 0; path = Demo.app; sourceTree = BUILT_PRODUCTS_DIR; };
		5B428BC11A95D66500C7283B /* Info.plist */ = {isa = PBXFileReference; lastKnownFileType = text.plist.xml; path = Info.plist; sourceTree = "<group>"; };
		5B428BC21A95D66500C7283B /* main.m */ = {isa = PBXFileReference; lastKnownFileType = sourcecode.c.objc; path = main.m; sourceTree = "<group>"; };
		5B428BC41A95D66500C7283B /* AppDelegate.h */ = {isa = PBXFileReference; lastKnownFileType = sourcecode.c.h; path = AppDelegate.h; sourceTree = "<group>"; };
		5B428BC51A95D66500C7283B /* AppDelegate.m */ = {isa = PBXFileReference; lastKnownFileType = sourcecode.c.objc; path = AppDelegate.m; sourceTree = "<group>"; };
		5B428BC71A95D66500C7283B /* ViewController.h */ = {isa = PBXFileReference; lastKnownFileType = sourcecode.c.h; path = ViewController.h; sourceTree = "<group>"; };
		5B428BC81A95D66500C7283B /* ViewController.m */ = {isa = PBXFileReference; lastKnownFileType = sourcecode.c.objc; path = ViewController.m; sourceTree = "<group>"; };
		5B428BCB1A95D66500C7283B /* Base */ = {isa = PBXFileReference; lastKnownFileType = file.storyboard; name = Base; path = Base.lproj/Main.storyboard; sourceTree = "<group>"; };
		5B428BCD1A95D66500C7283B /* Images.xcassets */ = {isa = PBXFileReference; lastKnownFileType = folder.assetcatalog; path = Images.xcassets; sourceTree = "<group>"; };
		5B428BD01A95D66500C7283B /* Base */ = {isa = PBXFileReference; lastKnownFileType = file.xib; name = Base; path = Base.lproj/LaunchScreen.xib; sourceTree = "<group>"; };
		5B428BD61A95D66500C7283B /* DemoTests.xctest */ = {isa = PBXFileReference; explicitFileType = wrapper.cfbundle; includeInIndex = 0; path = DemoTests.xctest; sourceTree = BUILT_PRODUCTS_DIR; };
		5B428BDB1A95D66500C7283B /* Info.plist */ = {isa = PBXFileReference; lastKnownFileType = text.plist.xml; path = Info.plist; sourceTree = "<group>"; };
		5B428BDC1A95D66500C7283B /* DemoTests.m */ = {isa = PBXFileReference; lastKnownFileType = sourcecode.c.objc; path = DemoTests.m; sourceTree = "<group>"; };
		5B428BE41A95D73900C7283B /* UIView+CATLayout.h */ = {isa = PBXFileReference; fileEncoding = 4; lastKnownFileType = sourcecode.c.h; path = "UIView+CATLayout.h"; sourceTree = "<group>"; };
		5B428BE51A95D73900C7283B /* UIView+CATLayout.m */ = {isa = PBXFileReference; fileEncoding = 4; lastKnownFileType = sourcecode.c.objc; path = "UIView+CATLayout.m"; sourceTree = "<group>"; };
/* End PBXFileReference section */

/* Begin PBXFrameworksBuildPhase section */
		5B428BBB1A95D66500C7283B /* Frameworks */ = {
			isa = PBXFrameworksBuildPhase;
			buildActionMask = 2147483647;
			files = (
			);
			runOnlyForDeploymentPostprocessing = 0;
		};
		5B428BD31A95D66500C7283B /* Frameworks */ = {
			isa = PBXFrameworksBuildPhase;
			buildActionMask = 2147483647;
			files = (
			);
			runOnlyForDeploymentPostprocessing = 0;
		};
/* End PBXFrameworksBuildPhase section */

/* Begin PBXGroup section */
		5B428BBF1A95D66500C7283B /* Demo */ = {
			isa = PBXGroup;
			children = (
				5B428BC41A95D66500C7283B /* AppDelegate.h */,
				5B428BC51A95D66500C7283B /* AppDelegate.m */,
				5B428BC71A95D66500C7283B /* ViewController.h */,
				5B428BC81A95D66500C7283B /* ViewController.m */,
				5B428BCA1A95D66500C7283B /* Main.storyboard */,
				5B428BCD1A95D66500C7283B /* Images.xcassets */,
				5B428BCF1A95D66500C7283B /* LaunchScreen.xib */,
				5B428BC01A95D66500C7283B /* Supporting Files */,
			);
			path = Demo;
			sourceTree = "<group>";
		};
		5B428BC01A95D66500C7283B /* Supporting Files */ = {
			isa = PBXGroup;
			children = (
				5B428BC11A95D66500C7283B /* Info.plist */,
				5B428BC21A95D66500C7283B /* main.m */,
			);
			name = "Supporting Files";
			sourceTree = "<group>";
		};
		5B428BD91A95D66500C7283B /* DemoTests */ = {
			isa = PBXGroup;
			children = (
				5B428BDC1A95D66500C7283B /* DemoTests.m */,
				5B428BDA1A95D66500C7283B /* Supporting Files */,
			);
			path = DemoTests;
			sourceTree = "<group>";
		};
		5B428BDA1A95D66500C7283B /* Supporting Files */ = {
			isa = PBXGroup;
			children = (
				5B428BDB1A95D66500C7283B /* Info.plist */,
			);
			name = "Supporting Files";
			sourceTree = "<group>";
		};
		5B7E02601A5EA46E00D25B49 = {
			isa = PBXGroup;
			children = (
				5B7E026B1A5EA46E00D25B49 /* CATLayout */,
				5B428BBF1A95D66500C7283B /* Demo */,
				5B428BD91A95D66500C7283B /* DemoTests */,
				5B7E026A1A5EA46E00D25B49 /* Products */,
			);
			sourceTree = "<group>";
		};
		5B7E026A1A5EA46E00D25B49 /* Products */ = {
			isa = PBXGroup;
			children = (
				5B428BBE1A95D66500C7283B /* Demo.app */,
				5B428BD61A95D66500C7283B /* DemoTests.xctest */,
			);
			name = Products;
			sourceTree = "<group>";
		};
		5B7E026B1A5EA46E00D25B49 /* CATLayout */ = {
			isa = PBXGroup;
			children = (
				5B428BE41A95D73900C7283B /* UIView+CATLayout.h */,
				5B428BE51A95D73900C7283B /* UIView+CATLayout.m */,
			);
			path = CATLayout;
			sourceTree = "<group>";
		};
/* End PBXGroup section */

/* Begin PBXNativeTarget section */
		5B428BBD1A95D66500C7283B /* Demo */ = {
			isa = PBXNativeTarget;
			buildConfigurationList = 5B428BE21A95D66500C7283B /* Build configuration list for PBXNativeTarget "Demo" */;
			buildPhases = (
				5B428BBA1A95D66500C7283B /* Sources */,
				5B428BBB1A95D66500C7283B /* Frameworks */,
				5B428BBC1A95D66500C7283B /* Resources */,
			);
			buildRules = (
			);
			dependencies = (
			);
			name = Demo;
			productName = Demo;
			productReference = 5B428BBE1A95D66500C7283B /* Demo.app */;
			productType = "com.apple.product-type.application";
		};
		5B428BD51A95D66500C7283B /* DemoTests */ = {
			isa = PBXNativeTarget;
			buildConfigurationList = 5B428BE31A95D66500C7283B /* Build configuration list for PBXNativeTarget "DemoTests" */;
			buildPhases = (
				5B428BD21A95D66500C7283B /* Sources */,
				5B428BD31A95D66500C7283B /* Frameworks */,
				5B428BD41A95D66500C7283B /* Resources */,
			);
			buildRules = (
			);
			dependencies = (
				5B428BD81A95D66500C7283B /* PBXTargetDependency */,
			);
			name = DemoTests;
			productName = DemoTests;
			productReference = 5B428BD61A95D66500C7283B /* DemoTests.xctest */;
			productType = "com.apple.product-type.bundle.unit-test";
		};
/* End PBXNativeTarget section */

/* Begin PBXProject section */
		5B7E02611A5EA46E00D25B49 /* Project object */ = {
			isa = PBXProject;
			attributes = {
				LastUpgradeCheck = 0610;
				ORGANIZATIONNAME = cat;
				TargetAttributes = {
					5B428BBD1A95D66500C7283B = {
						CreatedOnToolsVersion = 6.1.1;
					};
					5B428BD51A95D66500C7283B = {
						CreatedOnToolsVersion = 6.1.1;
						TestTargetID = 5B428BBD1A95D66500C7283B;
					};
				};
			};
			buildConfigurationList = 5B7E02641A5EA46E00D25B49 /* Build configuration list for PBXProject "CATLayout" */;
			compatibilityVersion = "Xcode 3.2";
			developmentRegion = English;
			hasScannedForEncodings = 0;
			knownRegions = (
				en,
				Base,
			);
			mainGroup = 5B7E02601A5EA46E00D25B49;
			productRefGroup = 5B7E026A1A5EA46E00D25B49 /* Products */;
			projectDirPath = "";
			projectRoot = "";
			targets = (
				5B428BBD1A95D66500C7283B /* Demo */,
				5B428BD51A95D66500C7283B /* DemoTests */,
			);
		};
/* End PBXProject section */

/* Begin PBXResourcesBuildPhase section */
		5B428BBC1A95D66500C7283B /* Resources */ = {
			isa = PBXResourcesBuildPhase;
			buildActionMask = 2147483647;
			files = (
				5B428BCC1A95D66500C7283B /* Main.storyboard in Resources */,
				5B428BD11A95D66500C7283B /* LaunchScreen.xib in Resources */,
				5B428BCE1A95D66500C7283B /* Images.xcassets in Resources */,
			);
			runOnlyForDeploymentPostprocessing = 0;
		};
		5B428BD41A95D66500C7283B /* Resources */ = {
			isa = PBXResourcesBuildPhase;
			buildActionMask = 2147483647;
			files = (
			);
			runOnlyForDeploymentPostprocessing = 0;
		};
/* End PBXResourcesBuildPhase section */

/* Begin PBXSourcesBuildPhase section */
		5B428BBA1A95D66500C7283B /* Sources */ = {
			isa = PBXSourcesBuildPhase;
			buildActionMask = 2147483647;
			files = (
				5B428BC91A95D66500C7283B /* ViewController.m in Sources */,
				5B428BC61A95D66500C7283B /* AppDelegate.m in Sources */,
				5B428BC31A95D66500C7283B /* main.m in Sources */,
				5B428BE61A95D73900C7283B /* UIView+CATLayout.m in Sources */,
			);
			runOnlyForDeploymentPostprocessing = 0;
		};
		5B428BD21A95D66500C7283B /* Sources */ = {
			isa = PBXSourcesBuildPhase;
			buildActionMask = 2147483647;
			files = (
				5B428BDD1A95D66500C7283B /* DemoTests.m in Sources */,
			);
			runOnlyForDeploymentPostprocessing = 0;
		};
/* End PBXSourcesBuildPhase section */

/* Begin PBXTargetDependency section */
		5B428BD81A95D66500C7283B /* PBXTargetDependency */ = {
			isa = PBXTargetDependency;
			target = 5B428BBD1A95D66500C7283B /* Demo */;
			targetProxy = 5B428BD71A95D66500C7283B /* PBXContainerItemProxy */;
		};
/* End PBXTargetDependency section */

/* Begin PBXVariantGroup section */
		5B428BCA1A95D66500C7283B /* Main.storyboard */ = {
			isa = PBXVariantGroup;
			children = (
				5B428BCB1A95D66500C7283B /* Base */,
			);
			name = Main.storyboard;
			sourceTree = "<group>";
		};
		5B428BCF1A95D66500C7283B /* LaunchScreen.xib */ = {
			isa = PBXVariantGroup;
			children = (
				5B428BD01A95D66500C7283B /* Base */,
			);
			name = LaunchScreen.xib;
			sourceTree = "<group>";
		};
/* End PBXVariantGroup section */

/* Begin XCBuildConfiguration section */
		5B428BDE1A95D66500C7283B /* Debug */ = {
			isa = XCBuildConfiguration;
			buildSettings = {
				ASSETCATALOG_COMPILER_APPICON_NAME = AppIcon;
				GCC_PREPROCESSOR_DEFINITIONS = (
					"DEBUG=1",
					"$(inherited)",
				);
				INFOPLIST_FILE = Demo/Info.plist;
				LD_RUNPATH_SEARCH_PATHS = "$(inherited) @executable_path/Frameworks";
				PRODUCT_NAME = "$(TARGET_NAME)";
			};
			name = Debug;
		};
		5B428BDF1A95D66500C7283B /* Release */ = {
			isa = XCBuildConfiguration;
			buildSettings = {
				ASSETCATALOG_COMPILER_APPICON_NAME = AppIcon;
				INFOPLIST_FILE = Demo/Info.plist;
				LD_RUNPATH_SEARCH_PATHS = "$(inherited) @executable_path/Frameworks";
				PRODUCT_NAME = "$(TARGET_NAME)";
			};
			name = Release;
		};
		5B428BE01A95D66500C7283B /* Debug */ = {
			isa = XCBuildConfiguration;
			buildSettings = {
				BUNDLE_LOADER = "$(TEST_HOST)";
				FRAMEWORK_SEARCH_PATHS = (
					"$(SDKROOT)/Developer/Library/Frameworks",
					"$(inherited)",
				);
				GCC_PREPROCESSOR_DEFINITIONS = (
					"DEBUG=1",
					"$(inherited)",
				);
				INFOPLIST_FILE = DemoTests/Info.plist;
				LD_RUNPATH_SEARCH_PATHS = "$(inherited) @executable_path/Frameworks @loader_path/Frameworks";
				PRODUCT_NAME = "$(TARGET_NAME)";
				TEST_HOST = "$(BUILT_PRODUCTS_DIR)/Demo.app/Demo";
			};
			name = Debug;
		};
		5B428BE11A95D66500C7283B /* Release */ = {
			isa = XCBuildConfiguration;
			buildSettings = {
				BUNDLE_LOADER = "$(TEST_HOST)";
				FRAMEWORK_SEARCH_PATHS = (
					"$(SDKROOT)/Developer/Library/Frameworks",
					"$(inherited)",
				);
				INFOPLIST_FILE = DemoTests/Info.plist;
				LD_RUNPATH_SEARCH_PATHS = "$(inherited) @executable_path/Frameworks @loader_path/Frameworks";
				PRODUCT_NAME = "$(TARGET_NAME)";
				TEST_HOST = "$(BUILT_PRODUCTS_DIR)/Demo.app/Demo";
			};
			name = Release;
		};
		5B7E028A1A5EA46F00D25B49 /* Debug */ = {
			isa = XCBuildConfiguration;
			buildSettings = {
				ALWAYS_SEARCH_USER_PATHS = NO;
				CLANG_CXX_LANGUAGE_STANDARD = "gnu++0x";
				CLANG_CXX_LIBRARY = "libc++";
				CLANG_ENABLE_MODULES = YES;
				CLANG_ENABLE_OBJC_ARC = YES;
				CLANG_WARN_BOOL_CONVERSION = YES;
				CLANG_WARN_CONSTANT_CONVERSION = YES;
				CLANG_WARN_DIRECT_OBJC_ISA_USAGE = YES_ERROR;
				CLANG_WARN_EMPTY_BODY = YES;
				CLANG_WARN_ENUM_CONVERSION = YES;
				CLANG_WARN_INT_CONVERSION = YES;
				CLANG_WARN_OBJC_ROOT_CLASS = YES_ERROR;
				CLANG_WARN_UNREACHABLE_CODE = YES;
				CLANG_WARN__DUPLICATE_METHOD_MATCH = YES;
				"CODE_SIGN_IDENTITY[sdk=iphoneos*]" = "iPhone Developer";
				COPY_PHASE_STRIP = NO;
				ENABLE_STRICT_OBJC_MSGSEND = YES;
				GCC_C_LANGUAGE_STANDARD = gnu99;
				GCC_DYNAMIC_NO_PIC = NO;
				GCC_OPTIMIZATION_LEVEL = 0;
				GCC_PREPROCESSOR_DEFINITIONS = (
					"DEBUG=1",
					"$(inherited)",
				);
				GCC_SYMBOLS_PRIVATE_EXTERN = NO;
				GCC_WARN_64_TO_32_BIT_CONVERSION = YES;
				GCC_WARN_ABOUT_RETURN_TYPE = YES_ERROR;
				GCC_WARN_UNDECLARED_SELECTOR = YES;
				GCC_WARN_UNINITIALIZED_AUTOS = YES_AGGRESSIVE;
				GCC_WARN_UNUSED_FUNCTION = YES;
				GCC_WARN_UNUSED_VARIABLE = YES;
				IPHONEOS_DEPLOYMENT_TARGET = 8.1;
				MTL_ENABLE_DEBUG_INFO = YES;
				ONLY_ACTIVE_ARCH = YES;
				SDKROOT = iphoneos;
			};
			name = Debug;
		};
		5B7E028B1A5EA46F00D25B49 /* Release */ = {
			isa = XCBuildConfiguration;
			buildSettings = {
				ALWAYS_SEARCH_USER_PATHS = NO;
				CLANG_CXX_LANGUAGE_STANDARD = "gnu++0x";
				CLANG_CXX_LIBRARY = "libc++";
				CLANG_ENABLE_MODULES = YES;
				CLANG_ENABLE_OBJC_ARC = YES;
				CLANG_WARN_BOOL_CONVERSION = YES;
				CLANG_WARN_CONSTANT_CONVERSION = YES;
				CLANG_WARN_DIRECT_OBJC_ISA_USAGE = YES_ERROR;
				CLANG_WARN_EMPTY_BODY = YES;
				CLANG_WARN_ENUM_CONVERSION = YES;
				CLANG_WARN_INT_CONVERSION = YES;
				CLANG_WARN_OBJC_ROOT_CLASS = YES_ERROR;
				CLANG_WARN_UNREACHABLE_CODE = YES;
				CLANG_WARN__DUPLICATE_METHOD_MATCH = YES;
				"CODE_SIGN_IDENTITY[sdk=iphoneos*]" = "iPhone Developer";
				COPY_PHASE_STRIP = YES;
				ENABLE_NS_ASSERTIONS = NO;
				ENABLE_STRICT_OBJC_MSGSEND = YES;
				GCC_C_LANGUAGE_STANDARD = gnu99;
				GCC_WARN_64_TO_32_BIT_CONVERSION = YES;
				GCC_WARN_ABOUT_RETURN_TYPE = YES_ERROR;
				GCC_WARN_UNDECLARED_SELECTOR = YES;
				GCC_WARN_UNINITIALIZED_AUTOS = YES_AGGRESSIVE;
				GCC_WARN_UNUSED_FUNCTION = YES;
				GCC_WARN_UNUSED_VARIABLE = YES;
				IPHONEOS_DEPLOYMENT_TARGET = 8.1;
				MTL_ENABLE_DEBUG_INFO = NO;
				SDKROOT = iphoneos;
				VALIDATE_PRODUCT = YES;
			};
			name = Release;
		};
/* End XCBuildConfiguration section */

/* Begin XCConfigurationList section */
		5B428BE21A95D66500C7283B /* Build configuration list for PBXNativeTarget "Demo" */ = {
			isa = XCConfigurationList;
			buildConfigurations = (
				5B428BDE1A95D66500C7283B /* Debug */,
				5B428BDF1A95D66500C7283B /* Release */,
			);
			defaultConfigurationIsVisible = 0;
			defaultConfigurationName = Release;
		};
		5B428BE31A95D66500C7283B /* Build configuration list for PBXNativeTarget "DemoTests" */ = {
			isa = XCConfigurationList;
			buildConfigurations = (
				5B428BE01A95D66500C7283B /* Debug */,
				5B428BE11A95D66500C7283B /* Release */,
			);
			defaultConfigurationIsVisible = 0;
			defaultConfigurationName = Release;
		};
		5B7E02641A5EA46E00D25B49 /* Build configuration list for PBXProject "CATLayout" */ = {
			isa = XCConfigurationList;
			buildConfigurations = (
				5B7E028A1A5EA46F00D25B49 /* Debug */,
				5B7E028B1A5EA46F00D25B49 /* Release */,
			);
			defaultConfigurationIsVisible = 0;
			defaultConfigurationName = Release;
		};
/* End XCConfigurationList section */
	};
	rootObject = 5B7E02611A5EA46E00D25B49 /* Project object */;
}
