// !$*UTF8*$!
{
	archiveVersion = 1;
	classes = {
	};
	objectVersion = 46;
	objects = {

/* Begin PBXBuildFile section */
		5B7E026F1A5EA46E00D25B49 /* main.m in Sources */ = {isa = PBXBuildFile; fileRef = 5B7E026E1A5EA46E00D25B49 /* main.m */; };
		5B7E02721A5EA46E00D25B49 /* AppDelegate.m in Sources */ = {isa = PBXBuildFile; fileRef = 5B7E02711A5EA46E00D25B49 /* AppDelegate.m */; };
		5B7E02751A5EA46E00D25B49 /* ViewController.m in Sources */ = {isa = PBXBuildFile; fileRef = 5B7E02741A5EA46E00D25B49 /* ViewController.m */; };
		5B7E02781A5EA46E00D25B49 /* Main.storyboard in Resources */ = {isa = PBXBuildFile; fileRef = 5B7E02761A5EA46E00D25B49 /* Main.storyboard */; };
		5B7E027A1A5EA46E00D25B49 /* Images.xcassets in Resources */ = {isa = PBXBuildFile; fileRef = 5B7E02791A5EA46E00D25B49 /* Images.xcassets */; };
		5B7E027D1A5EA46E00D25B49 /* LaunchScreen.xib in Resources */ = {isa = PBXBuildFile; fileRef = 5B7E027B1A5EA46E00D25B49 /* LaunchScreen.xib */; };
		5B7E02891A5EA46F00D25B49 /* CATLayoutTests.m in Sources */ = {isa = PBXBuildFile; fileRef = 5B7E02881A5EA46F00D25B49 /* CATLayoutTests.m */; };
		5B7E02991A5EA59B00D25B49 /* UIView+CATLayout.m in Sources */ = {isa = PBXBuildFile; fileRef = 5B7E02981A5EA59B00D25B49 /* UIView+CATLayout.m */; };
/* End PBXBuildFile section */

/* Begin PBXContainerItemProxy section */
		5B7E02831A5EA46F00D25B49 /* PBXContainerItemProxy */ = {
			isa = PBXContainerItemProxy;
			containerPortal = 5B7E02611A5EA46E00D25B49 /* Project object */;
			proxyType = 1;
			remoteGlobalIDString = 5B7E02681A5EA46E00D25B49;
			remoteInfo = CATLayout;
		};
/* End PBXContainerItemProxy section */

/* Begin PBXFileReference section */
		5B7E02691A5EA46E00D25B49 /* CATLayout.app */ = {isa = PBXFileReference; explicitFileType = wrapper.application; includeInIndex = 0; path = CATLayout.app; sourceTree = BUILT_PRODUCTS_DIR; };
		5B7E026D1A5EA46E00D25B49 /* Info.plist */ = {isa = PBXFileReference; lastKnownFileType = text.plist.xml; path = Info.plist; sourceTree = "<group>"; };
		5B7E026E1A5EA46E00D25B49 /* main.m */ = {isa = PBXFileReference; lastKnownFileType = sourcecode.c.objc; path = main.m; sourceTree = "<group>"; };
		5B7E02701A5EA46E00D25B49 /* AppDelegate.h */ = {isa = PBXFileReference; lastKnownFileType = sourcecode.c.h; path = AppDelegate.h; sourceTree = "<group>"; };
		5B7E02711A5EA46E00D25B49 /* AppDelegate.m */ = {isa = PBXFileReference; lastKnownFileType = sourcecode.c.objc; path = AppDelegate.m; sourceTree = "<group>"; };
		5B7E02731A5EA46E00D25B49 /* ViewController.h */ = {isa = PBXFileReference; lastKnownFileType = sourcecode.c.h; path = ViewController.h; sourceTree = "<group>"; };
		5B7E02741A5EA46E00D25B49 /* ViewController.m */ = {isa = PBXFileReference; lastKnownFileType = sourcecode.c.objc; path = ViewController.m; sourceTree = "<group>"; };
		5B7E02771A5EA46E00D25B49 /* Base */ = {isa = PBXFileReference; lastKnownFileType = file.storyboard; name = Base; path = Base.lproj/Main.storyboard; sourceTree = "<group>"; };
		5B7E02791A5EA46E00D25B49 /* Images.xcassets */ = {isa = PBXFileReference; lastKnownFileType = folder.assetcatalog; path = Images.xcassets; sourceTree = "<group>"; };
		5B7E027C1A5EA46E00D25B49 /* Base */ = {isa = PBXFileReference; lastKnownFileType = file.xib; name = Base; path = Base.lproj/LaunchScreen.xib; sourceTree = "<group>"; };
		5B7E02821A5EA46F00D25B49 /* CATLayoutTests.xctest */ = {isa = PBXFileReference; explicitFileType = wrapper.cfbundle; includeInIndex = 0; path = CATLayoutTests.xctest; sourceTree = BUILT_PRODUCTS_DIR; };
		5B7E02871A5EA46F00D25B49 /* Info.plist */ = {isa = PBXFileReference; lastKnownFileType = text.plist.xml; path = Info.plist; sourceTree = "<group>"; };
		5B7E02881A5EA46F00D25B49 /* CATLayoutTests.m */ = {isa = PBXFileReference; lastKnownFileType = sourcecode.c.objc; path = CATLayoutTests.m; sourceTree = "<group>"; };
		5B7E02971A5EA59B00D25B49 /* UIView+CATLayout.h */ = {isa = PBXFileReference; fileEncoding = 4; lastKnownFileType = sourcecode.c.h; path = "UIView+CATLayout.h"; sourceTree = "<group>"; };
		5B7E02981A5EA59B00D25B49 /* UIView+CATLayout.m */ = {isa = PBXFileReference; fileEncoding = 4; lastKnownFileType = sourcecode.c.objc; path = "UIView+CATLayout.m"; sourceTree = "<group>"; };
/* End PBXFileReference section */

/* Begin PBXFrameworksBuildPhase section */
		5B7E02661A5EA46E00D25B49 /* Frameworks */ = {
			isa = PBXFrameworksBuildPhase;
			buildActionMask = 2147483647;
			files = (
			);
			runOnlyForDeploymentPostprocessing = 0;
		};
		5B7E027F1A5EA46F00D25B49 /* Frameworks */ = {
			isa = PBXFrameworksBuildPhase;
			buildActionMask = 2147483647;
			files = (
			);
			runOnlyForDeploymentPostprocessing = 0;
		};
/* End PBXFrameworksBuildPhase section */

/* Begin PBXGroup section */
		5B7E02601A5EA46E00D25B49 = {
			isa = PBXGroup;
			children = (
				5B7E026B1A5EA46E00D25B49 /* CATLayout */,
				5B7E02851A5EA46F00D25B49 /* CATLayoutTests */,
				5B7E026A1A5EA46E00D25B49 /* Products */,
			);
			sourceTree = "<group>";
		};
		5B7E026A1A5EA46E00D25B49 /* Products */ = {
			isa = PBXGroup;
			children = (
				5B7E02691A5EA46E00D25B49 /* CATLayout.app */,
				5B7E02821A5EA46F00D25B49 /* CATLayoutTests.xctest */,
			);
			name = Products;
			sourceTree = "<group>";
		};
		5B7E026B1A5EA46E00D25B49 /* CATLayout */ = {
			isa = PBXGroup;
			children = (
				5B7E02921A5EA4A500D25B49 /* CATLayout */,
				5B7E02701A5EA46E00D25B49 /* AppDelegate.h */,
				5B7E02711A5EA46E00D25B49 /* AppDelegate.m */,
				5B7E02731A5EA46E00D25B49 /* ViewController.h */,
				5B7E02741A5EA46E00D25B49 /* ViewController.m */,
				5B7E02761A5EA46E00D25B49 /* Main.storyboard */,
				5B7E02791A5EA46E00D25B49 /* Images.xcassets */,
				5B7E027B1A5EA46E00D25B49 /* LaunchScreen.xib */,
				5B7E026C1A5EA46E00D25B49 /* Supporting Files */,
			);
			path = CATLayout;
			sourceTree = "<group>";
		};
		5B7E026C1A5EA46E00D25B49 /* Supporting Files */ = {
			isa = PBXGroup;
			children = (
				5B7E026D1A5EA46E00D25B49 /* Info.plist */,
				5B7E026E1A5EA46E00D25B49 /* main.m */,
			);
			name = "Supporting Files";
			sourceTree = "<group>";
		};
		5B7E02851A5EA46F00D25B49 /* CATLayoutTests */ = {
			isa = PBXGroup;
			children = (
				5B7E02881A5EA46F00D25B49 /* CATLayoutTests.m */,
				5B7E02861A5EA46F00D25B49 /* Supporting Files */,
			);
			path = CATLayoutTests;
			sourceTree = "<group>";
		};
		5B7E02861A5EA46F00D25B49 /* Supporting Files */ = {
			isa = PBXGroup;
			children = (
				5B7E02871A5EA46F00D25B49 /* Info.plist */,
			);
			name = "Supporting Files";
			sourceTree = "<group>";
		};
		5B7E02921A5EA4A500D25B49 /* CATLayout */ = {
			isa = PBXGroup;
			children = (
				5B7E02971A5EA59B00D25B49 /* UIView+CATLayout.h */,
				5B7E02981A5EA59B00D25B49 /* UIView+CATLayout.m */,
			);
			path = CATLayout;
			sourceTree = "<group>";
		};
/* End PBXGroup section */

/* Begin PBXNativeTarget section */
		5B7E02681A5EA46E00D25B49 /* CATLayout */ = {
			isa = PBXNativeTarget;
			buildConfigurationList = 5B7E028C1A5EA46F00D25B49 /* Build configuration list for PBXNativeTarget "CATLayout" */;
			buildPhases = (
				5B7E02651A5EA46E00D25B49 /* Sources */,
				5B7E02661A5EA46E00D25B49 /* Frameworks */,
				5B7E02671A5EA46E00D25B49 /* Resources */,
			);
			buildRules = (
			);
			dependencies = (
			);
			name = CATLayout;
			productName = CATLayout;
			productReference = 5B7E02691A5EA46E00D25B49 /* CATLayout.app */;
			productType = "com.apple.product-type.application";
		};
		5B7E02811A5EA46F00D25B49 /* CATLayoutTests */ = {
			isa = PBXNativeTarget;
			buildConfigurationList = 5B7E028F1A5EA46F00D25B49 /* Build configuration list for PBXNativeTarget "CATLayoutTests" */;
			buildPhases = (
				5B7E027E1A5EA46F00D25B49 /* Sources */,
				5B7E027F1A5EA46F00D25B49 /* Frameworks */,
				5B7E02801A5EA46F00D25B49 /* Resources */,
			);
			buildRules = (
			);
			dependencies = (
				5B7E02841A5EA46F00D25B49 /* PBXTargetDependency */,
			);
			name = CATLayoutTests;
			productName = CATLayoutTests;
			productReference = 5B7E02821A5EA46F00D25B49 /* CATLayoutTests.xctest */;
			productType = "com.apple.product-type.bundle.unit-test";
		};
/* End PBXNativeTarget section */

/* Begin PBXProject section */
		5B7E02611A5EA46E00D25B49 /* Project object */ = {
			isa = PBXProject;
			attributes = {
				LastUpgradeCheck = 0610;
				ORGANIZATIONNAME = cat;
				TargetAttributes = {
					5B7E02681A5EA46E00D25B49 = {
						CreatedOnToolsVersion = 6.1.1;
					};
					5B7E02811A5EA46F00D25B49 = {
						CreatedOnToolsVersion = 6.1.1;
						TestTargetID = 5B7E02681A5EA46E00D25B49;
					};
				};
			};
			buildConfigurationList = 5B7E02641A5EA46E00D25B49 /* Build configuration list for PBXProject "CATLayout" */;
			compatibilityVersion = "Xcode 3.2";
			developmentRegion = English;
			hasScannedForEncodings = 0;
			knownRegions = (
				en,
				Base,
			);
			mainGroup = 5B7E02601A5EA46E00D25B49;
			productRefGroup = 5B7E026A1A5EA46E00D25B49 /* Products */;
			projectDirPath = "";
			projectRoot = "";
			targets = (
				5B7E02681A5EA46E00D25B49 /* CATLayout */,
				5B7E02811A5EA46F00D25B49 /* CATLayoutTests */,
			);
		};
/* End PBXProject section */

/* Begin PBXResourcesBuildPhase section */
		5B7E02671A5EA46E00D25B49 /* Resources */ = {
			isa = PBXResourcesBuildPhase;
			buildActionMask = 2147483647;
			files = (
				5B7E02781A5EA46E00D25B49 /* Main.storyboard in Resources */,
				5B7E027D1A5EA46E00D25B49 /* LaunchScreen.xib in Resources */,
				5B7E027A1A5EA46E00D25B49 /* Images.xcassets in Resources */,
			);
			runOnlyForDeploymentPostprocessing = 0;
		};
		5B7E02801A5EA46F00D25B49 /* Resources */ = {
			isa = PBXResourcesBuildPhase;
			buildActionMask = 2147483647;
			files = (
			);
			runOnlyForDeploymentPostprocessing = 0;
		};
/* End PBXResourcesBuildPhase section */

/* Begin PBXSourcesBuildPhase section */
		5B7E02651A5EA46E00D25B49 /* Sources */ = {
			isa = PBXSourcesBuildPhase;
			buildActionMask = 2147483647;
			files = (
				5B7E02991A5EA59B00D25B49 /* UIView+CATLayout.m in Sources */,
				5B7E02751A5EA46E00D25B49 /* ViewController.m in Sources */,
				5B7E02721A5EA46E00D25B49 /* AppDelegate.m in Sources */,
				5B7E026F1A5EA46E00D25B49 /* main.m in Sources */,
			);
			runOnlyForDeploymentPostprocessing = 0;
		};
		5B7E027E1A5EA46F00D25B49 /* Sources */ = {
			isa = PBXSourcesBuildPhase;
			buildActionMask = 2147483647;
			files = (
				5B7E02891A5EA46F00D25B49 /* CATLayoutTests.m in Sources */,
			);
			runOnlyForDeploymentPostprocessing = 0;
		};
/* End PBXSourcesBuildPhase section */

/* Begin PBXTargetDependency section */
		5B7E02841A5EA46F00D25B49 /* PBXTargetDependency */ = {
			isa = PBXTargetDependency;
			target = 5B7E02681A5EA46E00D25B49 /* CATLayout */;
			targetProxy = 5B7E02831A5EA46F00D25B49 /* PBXContainerItemProxy */;
		};
/* End PBXTargetDependency section */

/* Begin PBXVariantGroup section */
		5B7E02761A5EA46E00D25B49 /* Main.storyboard */ = {
			isa = PBXVariantGroup;
			children = (
				5B7E02771A5EA46E00D25B49 /* Base */,
			);
			name = Main.storyboard;
			sourceTree = "<group>";
		};
		5B7E027B1A5EA46E00D25B49 /* LaunchScreen.xib */ = {
			isa = PBXVariantGroup;
			children = (
				5B7E027C1A5EA46E00D25B49 /* Base */,
			);
			name = LaunchScreen.xib;
			sourceTree = "<group>";
		};
/* End PBXVariantGroup section */

/* Begin XCBuildConfiguration section */
		5B7E028A1A5EA46F00D25B49 /* Debug */ = {
			isa = XCBuildConfiguration;
			buildSettings = {
				ALWAYS_SEARCH_USER_PATHS = NO;
				CLANG_CXX_LANGUAGE_STANDARD = "gnu++0x";
				CLANG_CXX_LIBRARY = "libc++";
				CLANG_ENABLE_MODULES = YES;
				CLANG_ENABLE_OBJC_ARC = YES;
				CLANG_WARN_BOOL_CONVERSION = YES;
				CLANG_WARN_CONSTANT_CONVERSION = YES;
				CLANG_WARN_DIRECT_OBJC_ISA_USAGE = YES_ERROR;
				CLANG_WARN_EMPTY_BODY = YES;
				CLANG_WARN_ENUM_CONVERSION = YES;
				CLANG_WARN_INT_CONVERSION = YES;
				CLANG_WARN_OBJC_ROOT_CLASS = YES_ERROR;
				CLANG_WARN_UNREACHABLE_CODE = YES;
				CLANG_WARN__DUPLICATE_METHOD_MATCH = YES;
				"CODE_SIGN_IDENTITY[sdk=iphoneos*]" = "iPhone Developer";
				COPY_PHASE_STRIP = NO;
				ENABLE_STRICT_OBJC_MSGSEND = YES;
				GCC_C_LANGUAGE_STANDARD = gnu99;
				GCC_DYNAMIC_NO_PIC = NO;
				GCC_OPTIMIZATION_LEVEL = 0;
				GCC_PREPROCESSOR_DEFINITIONS = (
					"DEBUG=1",
					"$(inherited)",
				);
				GCC_SYMBOLS_PRIVATE_EXTERN = NO;
				GCC_WARN_64_TO_32_BIT_CONVERSION = YES;
				GCC_WARN_ABOUT_RETURN_TYPE = YES_ERROR;
				GCC_WARN_UNDECLARED_SELECTOR = YES;
				GCC_WARN_UNINITIALIZED_AUTOS = YES_AGGRESSIVE;
				GCC_WARN_UNUSED_FUNCTION = YES;
				GCC_WARN_UNUSED_VARIABLE = YES;
				IPHONEOS_DEPLOYMENT_TARGET = 8.1;
				MTL_ENABLE_DEBUG_INFO = YES;
				ONLY_ACTIVE_ARCH = YES;
				SDKROOT = iphoneos;
			};
			name = Debug;
		};
		5B7E028B1A5EA46F00D25B49 /* Release */ = {
			isa = XCBuildConfiguration;
			buildSettings = {
				ALWAYS_SEARCH_USER_PATHS = NO;
				CLANG_CXX_LANGUAGE_STANDARD = "gnu++0x";
				CLANG_CXX_LIBRARY = "libc++";
				CLANG_ENABLE_MODULES = YES;
				CLANG_ENABLE_OBJC_ARC = YES;
				CLANG_WARN_BOOL_CONVERSION = YES;
				CLANG_WARN_CONSTANT_CONVERSION = YES;
				CLANG_WARN_DIRECT_OBJC_ISA_USAGE = YES_ERROR;
				CLANG_WARN_EMPTY_BODY = YES;
				CLANG_WARN_ENUM_CONVERSION = YES;
				CLANG_WARN_INT_CONVERSION = YES;
				CLANG_WARN_OBJC_ROOT_CLASS = YES_ERROR;
				CLANG_WARN_UNREACHABLE_CODE = YES;
				CLANG_WARN__DUPLICATE_METHOD_MATCH = YES;
				"CODE_SIGN_IDENTITY[sdk=iphoneos*]" = "iPhone Developer";
				COPY_PHASE_STRIP = YES;
				ENABLE_NS_ASSERTIONS = NO;
				ENABLE_STRICT_OBJC_MSGSEND = YES;
				GCC_C_LANGUAGE_STANDARD = gnu99;
				GCC_WARN_64_TO_32_BIT_CONVERSION = YES;
				GCC_WARN_ABOUT_RETURN_TYPE = YES_ERROR;
				GCC_WARN_UNDECLARED_SELECTOR = YES;
				GCC_WARN_UNINITIALIZED_AUTOS = YES_AGGRESSIVE;
				GCC_WARN_UNUSED_FUNCTION = YES;
				GCC_WARN_UNUSED_VARIABLE = YES;
				IPHONEOS_DEPLOYMENT_TARGET = 8.1;
				MTL_ENABLE_DEBUG_INFO = NO;
				SDKROOT = iphoneos;
				VALIDATE_PRODUCT = YES;
			};
			name = Release;
		};
		5B7E028D1A5EA46F00D25B49 /* Debug */ = {
			isa = XCBuildConfiguration;
			buildSettings = {
				ASSETCATALOG_COMPILER_APPICON_NAME = AppIcon;
				INFOPLIST_FILE = CATLayout/Info.plist;
				LD_RUNPATH_SEARCH_PATHS = "$(inherited) @executable_path/Frameworks";
				PRODUCT_NAME = "$(TARGET_NAME)";
			};
			name = Debug;
		};
		5B7E028E1A5EA46F00D25B49 /* Release */ = {
			isa = XCBuildConfiguration;
			buildSettings = {
				ASSETCATALOG_COMPILER_APPICON_NAME = AppIcon;
				INFOPLIST_FILE = CATLayout/Info.plist;
				LD_RUNPATH_SEARCH_PATHS = "$(inherited) @executable_path/Frameworks";
				PRODUCT_NAME = "$(TARGET_NAME)";
			};
			name = Release;
		};
		5B7E02901A5EA46F00D25B49 /* Debug */ = {
			isa = XCBuildConfiguration;
			buildSettings = {
				BUNDLE_LOADER = "$(TEST_HOST)";
				FRAMEWORK_SEARCH_PATHS = (
					"$(SDKROOT)/Developer/Library/Frameworks",
					"$(inherited)",
				);
				GCC_PREPROCESSOR_DEFINITIONS = (
					"DEBUG=1",
					"$(inherited)",
				);
				INFOPLIST_FILE = CATLayoutTests/Info.plist;
				LD_RUNPATH_SEARCH_PATHS = "$(inherited) @executable_path/Frameworks @loader_path/Frameworks";
				PRODUCT_NAME = "$(TARGET_NAME)";
				TEST_HOST = "$(BUILT_PRODUCTS_DIR)/CATLayout.app/CATLayout";
			};
			name = Debug;
		};
		5B7E02911A5EA46F00D25B49 /* Release */ = {
			isa = XCBuildConfiguration;
			buildSettings = {
				BUNDLE_LOADER = "$(TEST_HOST)";
				FRAMEWORK_SEARCH_PATHS = (
					"$(SDKROOT)/Developer/Library/Frameworks",
					"$(inherited)",
				);
				INFOPLIST_FILE = CATLayoutTests/Info.plist;
				LD_RUNPATH_SEARCH_PATHS = "$(inherited) @executable_path/Frameworks @loader_path/Frameworks";
				PRODUCT_NAME = "$(TARGET_NAME)";
				TEST_HOST = "$(BUILT_PRODUCTS_DIR)/CATLayout.app/CATLayout";
			};
			name = Release;
		};
/* End XCBuildConfiguration section */

/* Begin XCConfigurationList section */
		5B7E02641A5EA46E00D25B49 /* Build configuration list for PBXProject "CATLayout" */ = {
			isa = XCConfigurationList;
			buildConfigurations = (
				5B7E028A1A5EA46F00D25B49 /* Debug */,
				5B7E028B1A5EA46F00D25B49 /* Release */,
			);
			defaultConfigurationIsVisible = 0;
			defaultConfigurationName = Release;
		};
		5B7E028C1A5EA46F00D25B49 /* Build configuration list for PBXNativeTarget "CATLayout" */ = {
			isa = XCConfigurationList;
			buildConfigurations = (
				5B7E028D1A5EA46F00D25B49 /* Debug */,
				5B7E028E1A5EA46F00D25B49 /* Release */,
			);
			defaultConfigurationIsVisible = 0;
			defaultConfigurationName = Release;
		};
		5B7E028F1A5EA46F00D25B49 /* Build configuration list for PBXNativeTarget "CATLayoutTests" */ = {
			isa = XCConfigurationList;
			buildConfigurations = (
				5B7E02901A5EA46F00D25B49 /* Debug */,
				5B7E02911A5EA46F00D25B49 /* Release */,
			);
			defaultConfigurationIsVisible = 0;
			defaultConfigurationName = Release;
		};
/* End XCConfigurationList section */
	};
	rootObject = 5B7E02611A5EA46E00D25B49 /* Project object */;
}
